// !$*UTF8*$!
{
	archiveVersion = 1;
	classes = {
	};
	objectVersion = 56;
	objects = {

/* Begin PBXBuildFile section */
		44FA42522A28E29A009A0397 /* AppDelegate.swift in Sources */ = {isa = PBXBuildFile; fileRef = 44FA42512A28E29A009A0397 /* AppDelegate.swift */; };
		44FA42542A28E29A009A0397 /* SceneDelegate.swift in Sources */ = {isa = PBXBuildFile; fileRef = 44FA42532A28E29A009A0397 /* SceneDelegate.swift */; };
		44FA42562A28E29A009A0397 /* FirstScreen.swift in Sources */ = {isa = PBXBuildFile; fileRef = 44FA42552A28E29A009A0397 /* FirstScreen.swift */; };
		44FA425B2A28E29A009A0397 /* Assets.xcassets in Resources */ = {isa = PBXBuildFile; fileRef = 44FA425A2A28E29A009A0397 /* Assets.xcassets */; };
		44FA425E2A28E29A009A0397 /* LaunchScreen.storyboard in Resources */ = {isa = PBXBuildFile; fileRef = 44FA425C2A28E29A009A0397 /* LaunchScreen.storyboard */; };
		44FA42662A28E4B4009A0397 /* WGButton.swift in Sources */ = {isa = PBXBuildFile; fileRef = 44FA42652A28E4B4009A0397 /* WGButton.swift */; };
		44FA42682A2914AD009A0397 /* cards.swift in Sources */ = {isa = PBXBuildFile; fileRef = 44FA42672A2914AD009A0397 /* cards.swift */; };
		44FA426A2A2919C7009A0397 /* RulesVC.swift in Sources */ = {isa = PBXBuildFile; fileRef = 44FA42692A2919C7009A0397 /* RulesVC.swift */; };
/* End PBXBuildFile section */

/* Begin PBXFileReference section */
		44FA424E2A28E29A009A0397 /* Workout-Game-ProgramaticUI.app */ = {isa = PBXFileReference; explicitFileType = wrapper.application; includeInIndex = 0; path = "Workout-Game-ProgramaticUI.app"; sourceTree = BUILT_PRODUCTS_DIR; };
		44FA42512A28E29A009A0397 /* AppDelegate.swift */ = {isa = PBXFileReference; lastKnownFileType = sourcecode.swift; path = AppDelegate.swift; sourceTree = "<group>"; };
		44FA42532A28E29A009A0397 /* SceneDelegate.swift */ = {isa = PBXFileReference; lastKnownFileType = sourcecode.swift; path = SceneDelegate.swift; sourceTree = "<group>"; };
		44FA42552A28E29A009A0397 /* FirstScreen.swift */ = {isa = PBXFileReference; lastKnownFileType = sourcecode.swift; path = FirstScreen.swift; sourceTree = "<group>"; };
		44FA425A2A28E29A009A0397 /* Assets.xcassets */ = {isa = PBXFileReference; lastKnownFileType = folder.assetcatalog; path = Assets.xcassets; sourceTree = "<group>"; };
		44FA425D2A28E29A009A0397 /* Base */ = {isa = PBXFileReference; lastKnownFileType = file.storyboard; name = Base; path = Base.lproj/LaunchScreen.storyboard; sourceTree = "<group>"; };
		44FA425F2A28E29A009A0397 /* Info.plist */ = {isa = PBXFileReference; lastKnownFileType = text.plist.xml; path = Info.plist; sourceTree = "<group>"; };
		44FA42652A28E4B4009A0397 /* WGButton.swift */ = {isa = PBXFileReference; lastKnownFileType = sourcecode.swift; path = WGButton.swift; sourceTree = "<group>"; };
		44FA42672A2914AD009A0397 /* cards.swift */ = {isa = PBXFileReference; fileEncoding = 4; lastKnownFileType = sourcecode.swift; name = cards.swift; path = "../../workout-game/workout-game/cards.swift"; sourceTree = "<group>"; };
		44FA42692A2919C7009A0397 /* RulesVC.swift */ = {isa = PBXFileReference; lastKnownFileType = sourcecode.swift; path = RulesVC.swift; sourceTree = "<group>"; };
/* End PBXFileReference section */

/* Begin PBXFrameworksBuildPhase section */
		44FA424B2A28E29A009A0397 /* Frameworks */ = {
			isa = PBXFrameworksBuildPhase;
			buildActionMask = 2147483647;
			files = (
			);
			runOnlyForDeploymentPostprocessing = 0;
		};
/* End PBXFrameworksBuildPhase section */

/* Begin PBXGroup section */
		44FA42452A28E299009A0397 = {
			isa = PBXGroup;
			children = (
				44FA42502A28E29A009A0397 /* Workout-Game-ProgramaticUI */,
				44FA424F2A28E29A009A0397 /* Products */,
			);
			sourceTree = "<group>";
		};
		44FA424F2A28E29A009A0397 /* Products */ = {
			isa = PBXGroup;
			children = (
				44FA424E2A28E29A009A0397 /* Workout-Game-ProgramaticUI.app */,
			);
			name = Products;
			sourceTree = "<group>";
		};
		44FA42502A28E29A009A0397 /* Workout-Game-ProgramaticUI */ = {
			isa = PBXGroup;
			children = (
				44FA42512A28E29A009A0397 /* AppDelegate.swift */,
				44FA42532A28E29A009A0397 /* SceneDelegate.swift */,
				44FA42552A28E29A009A0397 /* FirstScreen.swift */,
				44FA425A2A28E29A009A0397 /* Assets.xcassets */,
				44FA425C2A28E29A009A0397 /* LaunchScreen.storyboard */,
				44FA425F2A28E29A009A0397 /* Info.plist */,
				44FA42652A28E4B4009A0397 /* WGButton.swift */,
				44FA42672A2914AD009A0397 /* cards.swift */,
				44FA42692A2919C7009A0397 /* RulesVC.swift */,
			);
			path = "Workout-Game-ProgramaticUI";
			sourceTree = "<group>";
		};
/* End PBXGroup section */

/* Begin PBXNativeTarget section */
		44FA424D2A28E29A009A0397 /* Workout-Game-ProgramaticUI */ = {
			isa = PBXNativeTarget;
			buildConfigurationList = 44FA42622A28E29A009A0397 /* Build configuration list for PBXNativeTarget "Workout-Game-ProgramaticUI" */;
			buildPhases = (
				44FA424A2A28E29A009A0397 /* Sources */,
				44FA424B2A28E29A009A0397 /* Frameworks */,
				44FA424C2A28E29A009A0397 /* Resources */,
			);
			buildRules = (
			);
			dependencies = (
			);
			name = "Workout-Game-ProgramaticUI";
			productName = "Workout-Game-ProgramaticUI";
			productReference = 44FA424E2A28E29A009A0397 /* Workout-Game-ProgramaticUI.app */;
			productType = "com.apple.product-type.application";
		};
/* End PBXNativeTarget section */

/* Begin PBXProject section */
		44FA42462A28E299009A0397 /* Project object */ = {
			isa = PBXProject;
			attributes = {
				BuildIndependentTargetsInParallel = 1;
				LastSwiftUpdateCheck = 1430;
				LastUpgradeCheck = 1430;
				TargetAttributes = {
					44FA424D2A28E29A009A0397 = {
						CreatedOnToolsVersion = 14.3;
					};
				};
			};
			buildConfigurationList = 44FA42492A28E299009A0397 /* Build configuration list for PBXProject "Workout-Game-ProgramaticUI" */;
			compatibilityVersion = "Xcode 14.0";
			developmentRegion = en;
			hasScannedForEncodings = 0;
			knownRegions = (
				en,
				Base,
			);
			mainGroup = 44FA42452A28E299009A0397;
			productRefGroup = 44FA424F2A28E29A009A0397 /* Products */;
			projectDirPath = "";
			projectRoot = "";
			targets = (
				44FA424D2A28E29A009A0397 /* Workout-Game-ProgramaticUI */,
			);
		};
/* End PBXProject section */

/* Begin PBXResourcesBuildPhase section */
		44FA424C2A28E29A009A0397 /* Resources */ = {
			isa = PBXResourcesBuildPhase;
			buildActionMask = 2147483647;
			files = (
				44FA425E2A28E29A009A0397 /* LaunchScreen.storyboard in Resources */,
				44FA425B2A28E29A009A0397 /* Assets.xcassets in Resources */,
			);
			runOnlyForDeploymentPostprocessing = 0;
		};
/* End PBXResourcesBuildPhase section */

/* Begin PBXSourcesBuildPhase section */
		44FA424A2A28E29A009A0397 /* Sources */ = {
			isa = PBXSourcesBuildPhase;
			buildActionMask = 2147483647;
			files = (
				44FA42562A28E29A009A0397 /* FirstScreen.swift in Sources */,
				44FA42522A28E29A009A0397 /* AppDelegate.swift in Sources */,
				44FA426A2A2919C7009A0397 /* RulesVC.swift in Sources */,
				44FA42542A28E29A009A0397 /* SceneDelegate.swift in Sources */,
				44FA42662A28E4B4009A0397 /* WGButton.swift in Sources */,
				44FA42682A2914AD009A0397 /* cards.swift in Sources */,
			);
			runOnlyForDeploymentPostprocessing = 0;
		};
/* End PBXSourcesBuildPhase section */

/* Begin PBXVariantGroup section */
		44FA425C2A28E29A009A0397 /* LaunchScreen.storyboard */ = {
			isa = PBXVariantGroup;
			children = (
				44FA425D2A28E29A009A0397 /* Base */,
			);
			name = LaunchScreen.storyboard;
			sourceTree = "<group>";
		};
/* End PBXVariantGroup section */

/* Begin XCBuildConfiguration section */
		44FA42602A28E29A009A0397 /* Debug */ = {
			isa = XCBuildConfiguration;
			buildSettings = {
				ALWAYS_SEARCH_USER_PATHS = NO;
				CLANG_ANALYZER_NONNULL = YES;
				CLANG_ANALYZER_NUMBER_OBJECT_CONVERSION = YES_AGGRESSIVE;
				CLANG_CXX_LANGUAGE_STANDARD = "gnu++20";
				CLANG_ENABLE_MODULES = YES;
				CLANG_ENABLE_OBJC_ARC = YES;
				CLANG_ENABLE_OBJC_WEAK = YES;
				CLANG_WARN_BLOCK_CAPTURE_AUTORELEASING = YES;
				CLANG_WARN_BOOL_CONVERSION = YES;
				CLANG_WARN_COMMA = YES;
				CLANG_WARN_CONSTANT_CONVERSION = YES;
				CLANG_WARN_DEPRECATED_OBJC_IMPLEMENTATIONS = YES;
				CLANG_WARN_DIRECT_OBJC_ISA_USAGE = YES_ERROR;
				CLANG_WARN_DOCUMENTATION_COMMENTS = YES;
				CLANG_WARN_EMPTY_BODY = YES;
				CLANG_WARN_ENUM_CONVERSION = YES;
				CLANG_WARN_INFINITE_RECURSION = YES;
				CLANG_WARN_INT_CONVERSION = YES;
				CLANG_WARN_NON_LITERAL_NULL_CONVERSION = YES;
				CLANG_WARN_OBJC_IMPLICIT_RETAIN_SELF = YES;
				CLANG_WARN_OBJC_LITERAL_CONVERSION = YES;
				CLANG_WARN_OBJC_ROOT_CLASS = YES_ERROR;
				CLANG_WARN_QUOTED_INCLUDE_IN_FRAMEWORK_HEADER = YES;
				CLANG_WARN_RANGE_LOOP_ANALYSIS = YES;
				CLANG_WARN_STRICT_PROTOTYPES = YES;
				CLANG_WARN_SUSPICIOUS_MOVE = YES;
				CLANG_WARN_UNGUARDED_AVAILABILITY = YES_AGGRESSIVE;
				CLANG_WARN_UNREACHABLE_CODE = YES;
				CLANG_WARN__DUPLICATE_METHOD_MATCH = YES;
				COPY_PHASE_STRIP = NO;
				DEBUG_INFORMATION_FORMAT = dwarf;
				ENABLE_STRICT_OBJC_MSGSEND = YES;
				ENABLE_TESTABILITY = YES;
				GCC_C_LANGUAGE_STANDARD = gnu11;
				GCC_DYNAMIC_NO_PIC = NO;
				GCC_NO_COMMON_BLOCKS = YES;
				GCC_OPTIMIZATION_LEVEL = 0;
				GCC_PREPROCESSOR_DEFINITIONS = (
					"DEBUG=1",
					"$(inherited)",
				);
				GCC_WARN_64_TO_32_BIT_CONVERSION = YES;
				GCC_WARN_ABOUT_RETURN_TYPE = YES_ERROR;
				GCC_WARN_UNDECLARED_SELECTOR = YES;
				GCC_WARN_UNINITIALIZED_AUTOS = YES_AGGRESSIVE;
				GCC_WARN_UNUSED_FUNCTION = YES;
				GCC_WARN_UNUSED_VARIABLE = YES;
				IPHONEOS_DEPLOYMENT_TARGET = 16.4;
				MTL_ENABLE_DEBUG_INFO = INCLUDE_SOURCE;
				MTL_FAST_MATH = YES;
				ONLY_ACTIVE_ARCH = YES;
				SDKROOT = iphoneos;
				SWIFT_ACTIVE_COMPILATION_CONDITIONS = DEBUG;
				SWIFT_OPTIMIZATION_LEVEL = "-Onone";
			};
			name = Debug;
		};
		44FA42612A28E29A009A0397 /* Release */ = {
			isa = XCBuildConfiguration;
			buildSettings = {
				ALWAYS_SEARCH_USER_PATHS = NO;
				CLANG_ANALYZER_NONNULL = YES;
				CLANG_ANALYZER_NUMBER_OBJECT_CONVERSION = YES_AGGRESSIVE;
				CLANG_CXX_LANGUAGE_STANDARD = "gnu++20";
				CLANG_ENABLE_MODULES = YES;
				CLANG_ENABLE_OBJC_ARC = YES;
				CLANG_ENABLE_OBJC_WEAK = YES;
				CLANG_WARN_BLOCK_CAPTURE_AUTORELEASING = YES;
				CLANG_WARN_BOOL_CONVERSION = YES;
				CLANG_WARN_COMMA = YES;
				CLANG_WARN_CONSTANT_CONVERSION = YES;
				CLANG_WARN_DEPRECATED_OBJC_IMPLEMENTATIONS = YES;
				CLANG_WARN_DIRECT_OBJC_ISA_USAGE = YES_ERROR;
				CLANG_WARN_DOCUMENTATION_COMMENTS = YES;
				CLANG_WARN_EMPTY_BODY = YES;
				CLANG_WARN_ENUM_CONVERSION = YES;
				CLANG_WARN_INFINITE_RECURSION = YES;
				CLANG_WARN_INT_CONVERSION = YES;
				CLANG_WARN_NON_LITERAL_NULL_CONVERSION = YES;
				CLANG_WARN_OBJC_IMPLICIT_RETAIN_SELF = YES;
				CLANG_WARN_OBJC_LITERAL_CONVERSION = YES;
				CLANG_WARN_OBJC_ROOT_CLASS = YES_ERROR;
				CLANG_WARN_QUOTED_INCLUDE_IN_FRAMEWORK_HEADER = YES;
				CLANG_WARN_RANGE_LOOP_ANALYSIS = YES;
				CLANG_WARN_STRICT_PROTOTYPES = YES;
				CLANG_WARN_SUSPICIOUS_MOVE = YES;
				CLANG_WARN_UNGUARDED_AVAILABILITY = YES_AGGRESSIVE;
				CLANG_WARN_UNREACHABLE_CODE = YES;
				CLANG_WARN__DUPLICATE_METHOD_MATCH = YES;
				COPY_PHASE_STRIP = NO;
				DEBUG_INFORMATION_FORMAT = "dwarf-with-dsym";
				ENABLE_NS_ASSERTIONS = NO;
				ENABLE_STRICT_OBJC_MSGSEND = YES;
				GCC_C_LANGUAGE_STANDARD = gnu11;
				GCC_NO_COMMON_BLOCKS = YES;
				GCC_WARN_64_TO_32_BIT_CONVERSION = YES;
				GCC_WARN_ABOUT_RETURN_TYPE = YES_ERROR;
				GCC_WARN_UNDECLARED_SELECTOR = YES;
				GCC_WARN_UNINITIALIZED_AUTOS = YES_AGGRESSIVE;
				GCC_WARN_UNUSED_FUNCTION = YES;
				GCC_WARN_UNUSED_VARIABLE = YES;
				IPHONEOS_DEPLOYMENT_TARGET = 16.4;
				MTL_ENABLE_DEBUG_INFO = NO;
				MTL_FAST_MATH = YES;
				SDKROOT = iphoneos;
				SWIFT_COMPILATION_MODE = wholemodule;
				SWIFT_OPTIMIZATION_LEVEL = "-O";
				VALIDATE_PRODUCT = YES;
			};
			name = Release;
		};
		44FA42632A28E29A009A0397 /* Debug */ = {
			isa = XCBuildConfiguration;
			buildSettings = {
				ASSETCATALOG_COMPILER_APPICON_NAME = AppIcon;
				ASSETCATALOG_COMPILER_GLOBAL_ACCENT_COLOR_NAME = AccentColor;
				CODE_SIGN_STYLE = Automatic;
				CURRENT_PROJECT_VERSION = 1;
				DEVELOPMENT_TEAM = JW2M4ZGN7H;
				GENERATE_INFOPLIST_FILE = YES;
				INFOPLIST_FILE = "Workout-Game-ProgramaticUI/Info.plist";
				INFOPLIST_KEY_UIApplicationSupportsIndirectInputEvents = YES;
				INFOPLIST_KEY_UILaunchStoryboardName = LaunchScreen;
				INFOPLIST_KEY_UISupportedInterfaceOrientations_iPad = "UIInterfaceOrientationPortrait UIInterfaceOrientationPortraitUpsideDown UIInterfaceOrientationLandscapeLeft UIInterfaceOrientationLandscapeRight";
				INFOPLIST_KEY_UISupportedInterfaceOrientations_iPhone = "UIInterfaceOrientationPortrait UIInterfaceOrientationLandscapeLeft UIInterfaceOrientationLandscapeRight";
				LD_RUNPATH_SEARCH_PATHS = (
					"$(inherited)",
					"@executable_path/Frameworks",
				);
				MARKETING_VERSION = 1.0;
				PRODUCT_BUNDLE_IDENTIFIER = "com.servetcangursel.Workout-Game-ProgramaticUI";
				PRODUCT_NAME = "$(TARGET_NAME)";
				SWIFT_EMIT_LOC_STRINGS = YES;
				SWIFT_VERSION = 5.0;
				TARGETED_DEVICE_FAMILY = "1,2";
			};
			name = Debug;
		};
		44FA42642A28E29A009A0397 /* Release */ = {
			isa = XCBuildConfiguration;
			buildSettings = {
				ASSETCATALOG_COMPILER_APPICON_NAME = AppIcon;
				ASSETCATALOG_COMPILER_GLOBAL_ACCENT_COLOR_NAME = AccentColor;
				CODE_SIGN_STYLE = Automatic;
				CURRENT_PROJECT_VERSION = 1;
				DEVELOPMENT_TEAM = JW2M4ZGN7H;
				GENERATE_INFOPLIST_FILE = YES;
				INFOPLIST_FILE = "Workout-Game-ProgramaticUI/Info.plist";
				INFOPLIST_KEY_UIApplicationSupportsIndirectInputEvents = YES;
				INFOPLIST_KEY_UILaunchStoryboardName = LaunchScreen;
				INFOPLIST_KEY_UISupportedInterfaceOrientations_iPad = "UIInterfaceOrientationPortrait UIInterfaceOrientationPortraitUpsideDown UIInterfaceOrientationLandscapeLeft UIInterfaceOrientationLandscapeRight";
				INFOPLIST_KEY_UISupportedInterfaceOrientations_iPhone = "UIInterfaceOrientationPortrait UIInterfaceOrientationLandscapeLeft UIInterfaceOrientationLandscapeRight";
				LD_RUNPATH_SEARCH_PATHS = (
					"$(inherited)",
					"@executable_path/Frameworks",
				);
				MARKETING_VERSION = 1.0;
				PRODUCT_BUNDLE_IDENTIFIER = "com.servetcangursel.Workout-Game-ProgramaticUI";
				PRODUCT_NAME = "$(TARGET_NAME)";
				SWIFT_EMIT_LOC_STRINGS = YES;
				SWIFT_VERSION = 5.0;
				TARGETED_DEVICE_FAMILY = "1,2";
			};
			name = Release;
		};
/* End XCBuildConfiguration section */

/* Begin XCConfigurationList section */
		44FA42492A28E299009A0397 /* Build configuration list for PBXProject "Workout-Game-ProgramaticUI" */ = {
			isa = XCConfigurationList;
			buildConfigurations = (
				44FA42602A28E29A009A0397 /* Debug */,
				44FA42612A28E29A009A0397 /* Release */,
			);
			defaultConfigurationIsVisible = 0;
			defaultConfigurationName = Release;
		};
		44FA42622A28E29A009A0397 /* Build configuration list for PBXNativeTarget "Workout-Game-ProgramaticUI" */ = {
			isa = XCConfigurationList;
			buildConfigurations = (
				44FA42632A28E29A009A0397 /* Debug */,
				44FA42642A28E29A009A0397 /* Release */,
			);
			defaultConfigurationIsVisible = 0;
			defaultConfigurationName = Release;
		};
/* End XCConfigurationList section */
	};
	rootObject = 44FA42462A28E299009A0397 /* Project object */;
}
